<?xml version="1.0" encoding="utf-8"?>
<Project ToolsVersion="17.0" xmlns="http://schemas.microsoft.com/developer/msbuild/2003">
  <ItemGroup>
    <CustomBuild Include="D:\Repos\Slurm\bld\CMakeFiles\b37b35a04ed6589007bc456c8b8a1512\generate.stamp.rule">
      <Filter>CMake Rules</Filter>
    </CustomBuild>
  </ItemGroup>
  <ItemGroup>
    <Filter Include="CMake Rules">
      <UniqueIdentifier>{ECE25ABF-949B-3006-B599-ED0BEE0412BD}</UniqueIdentifier>
    </Filter>
  </ItemGroup>
</Project>
